
Microsoft Visual Studio Solution File, Format Version 12.00
# Visual Studio Version 17
VisualStudioVersion = 17.14.37111.16 d17.14
MinimumVisualStudioVersion = 10.0.40219.1
Project("{FAE04EC0-301F-11D3-BF4B-00C04F79EFBC}") = "FileController_v2_ServerRetranslator", "FileController_v2_ServerRetranslator.csproj", "{2F68CEA3-AE35-484A-9DB8-FA0E7A9C8A8A}"
EndProject
Global
	GlobalSection(SolutionConfigurationPlatforms) = preSolution
		Debug|Any CPU = Debug|Any CPU
		Release|Any CPU = Release|Any CPU
	EndGlobalSection
	GlobalSection(ProjectConfigurationPlatforms) = postSolution
		{2F68CEA3-AE35-484A-9DB8-FA0E7A9C8A8A}.Debug|Any CPU.ActiveCfg = Debug|Any CPU
		{2F68CEA3-AE35-484A-9DB8-FA0E7A9C8A8A}.Debug|Any CPU.Build.0 = Debug|Any CPU
		{2F68CEA3-AE35-484A-9DB8-FA0E7A9C8A8A}.Release|Any CPU.ActiveCfg = Release|Any CPU
		{2F68CEA3-AE35-484A-9DB8-FA0E7A9C8A8A}.Release|Any CPU.Build.0 = Release|Any CPU
	EndGlobalSection
	GlobalSection(SolutionProperties) = preSolution
		HideSolutionNode = FALSE
	EndGlobalSection
	GlobalSection(ExtensibilityGlobals) = postSolution
		SolutionGuid = {95209266-D1FB-4DE6-8123-74743B5462F6}
	EndGlobalSection
EndGlobal
